
Microsoft Visual Studio Solution File, Format Version 12.00
# Visual Studio Version 17
VisualStudioVersion = 17.7.34221.43
MinimumVisualStudioVersion = 10.0.40219.1
Project("{9A19103F-16F7-4668-BE54-9A1E7A4F7556}") = "Final-Project.UI", "Final-Project.UI.csproj", "{0197B7ED-36AE-4FB2-9FE8-23BA9694B083}"
EndProject
Project("{FAE04EC0-301F-11D3-BF4B-00C04F79EFBC}") = "Final-Project.Entities", "..\Final-Project.Entity\Final-Project.Entities.csproj", "{1EB04C74-4649-444C-BAA8-32C6477882FA}"
EndProject
Project("{FAE04EC0-301F-11D3-BF4B-00C04F79EFBC}") = "Final-Project.Data", "..\Final-Project.Data\Final-Project.Data.csproj", "{F9E2BB71-DF94-4EF9-9B6F-8A8F1B39C52E}"
EndProject
Project("{FAE04EC0-301F-11D3-BF4B-00C04F79EFBC}") = "Final_Project.Bussiness", "..\Final_Project.Bussiness\Final_Project.Bussiness.csproj", "{FEF53214-157F-41FE-BE85-21DB8F24C1DE}"
EndProject
Global
	GlobalSection(SolutionConfigurationPlatforms) = preSolution
		Debug|Any CPU = Debug|Any CPU
		Release|Any CPU = Release|Any CPU
	EndGlobalSection
	GlobalSection(ProjectConfigurationPlatforms) = postSolution
		{0197B7ED-36AE-4FB2-9FE8-23BA9694B083}.Debug|Any CPU.ActiveCfg = Debug|Any CPU
		{0197B7ED-36AE-4FB2-9FE8-23BA9694B083}.Debug|Any CPU.Build.0 = Debug|Any CPU
		{0197B7ED-36AE-4FB2-9FE8-23BA9694B083}.Release|Any CPU.ActiveCfg = Release|Any CPU
		{0197B7ED-36AE-4FB2-9FE8-23BA9694B083}.Release|Any CPU.Build.0 = Release|Any CPU
		{1EB04C74-4649-444C-BAA8-32C6477882FA}.Debug|Any CPU.ActiveCfg = Debug|Any CPU
		{1EB04C74-4649-444C-BAA8-32C6477882FA}.Debug|Any CPU.Build.0 = Debug|Any CPU
		{1EB04C74-4649-444C-BAA8-32C6477882FA}.Release|Any CPU.ActiveCfg = Release|Any CPU
		{1EB04C74-4649-444C-BAA8-32C6477882FA}.Release|Any CPU.Build.0 = Release|Any CPU
		{F9E2BB71-DF94-4EF9-9B6F-8A8F1B39C52E}.Debug|Any CPU.ActiveCfg = Debug|Any CPU
		{F9E2BB71-DF94-4EF9-9B6F-8A8F1B39C52E}.Debug|Any CPU.Build.0 = Debug|Any CPU
		{F9E2BB71-DF94-4EF9-9B6F-8A8F1B39C52E}.Release|Any CPU.ActiveCfg = Release|Any CPU
		{F9E2BB71-DF94-4EF9-9B6F-8A8F1B39C52E}.Release|Any CPU.Build.0 = Release|Any CPU
		{FEF53214-157F-41FE-BE85-21DB8F24C1DE}.Debug|Any CPU.ActiveCfg = Debug|Any CPU
		{FEF53214-157F-41FE-BE85-21DB8F24C1DE}.Debug|Any CPU.Build.0 = Debug|Any CPU
		{FEF53214-157F-41FE-BE85-21DB8F24C1DE}.Release|Any CPU.ActiveCfg = Release|Any CPU
		{FEF53214-157F-41FE-BE85-21DB8F24C1DE}.Release|Any CPU.Build.0 = Release|Any CPU
	EndGlobalSection
	GlobalSection(SolutionProperties) = preSolution
		HideSolutionNode = FALSE
	EndGlobalSection
	GlobalSection(ExtensibilityGlobals) = postSolution
		SolutionGuid = {D3F6FD67-4A38-4104-AB67-AD4F6C596868}
	EndGlobalSection
EndGlobal
